
Microsoft Visual Studio Solution File, Format Version 12.00
# Visual Studio Version 16
VisualStudioVersion = 16.0.30320.27
MinimumVisualStudioVersion = 10.0.40219.1
Project("{FAE04EC0-301F-11D3-BF4B-00C04F79EFBC}") = "MISA.CukCuk.Api", "MISA.CukCuk.Api\MISA.CukCuk.Api.csproj", "{3B7BB51A-B29E-4FAC-BC01-3D06D7001D09}"
EndProject
Project("{FAE04EC0-301F-11D3-BF4B-00C04F79EFBC}") = "MISA.Core", "MISA.Core\MISA.Core.csproj", "{B77C4F7C-7AE8-4531-8D2E-D44233C22CE1}"
EndProject
Project("{FAE04EC0-301F-11D3-BF4B-00C04F79EFBC}") = "MISA.Infrastructure", "MISA.Infrastructure\MISA.Infrastructure.csproj", "{CC029A6F-0876-4FA7-ABDC-2D5A12746DC5}"
EndProject
Global
	GlobalSection(SolutionConfigurationPlatforms) = preSolution
		Debug|Any CPU = Debug|Any CPU
		Release|Any CPU = Release|Any CPU
	EndGlobalSection
	GlobalSection(ProjectConfigurationPlatforms) = postSolution
		{3B7BB51A-B29E-4FAC-BC01-3D06D7001D09}.Debug|Any CPU.ActiveCfg = Debug|Any CPU
		{3B7BB51A-B29E-4FAC-BC01-3D06D7001D09}.Debug|Any CPU.Build.0 = Debug|Any CPU
		{3B7BB51A-B29E-4FAC-BC01-3D06D7001D09}.Release|Any CPU.ActiveCfg = Release|Any CPU
		{3B7BB51A-B29E-4FAC-BC01-3D06D7001D09}.Release|Any CPU.Build.0 = Release|Any CPU
		{B77C4F7C-7AE8-4531-8D2E-D44233C22CE1}.Debug|Any CPU.ActiveCfg = Debug|Any CPU
		{B77C4F7C-7AE8-4531-8D2E-D44233C22CE1}.Debug|Any CPU.Build.0 = Debug|Any CPU
		{B77C4F7C-7AE8-4531-8D2E-D44233C22CE1}.Release|Any CPU.ActiveCfg = Release|Any CPU
		{B77C4F7C-7AE8-4531-8D2E-D44233C22CE1}.Release|Any CPU.Build.0 = Release|Any CPU
		{CC029A6F-0876-4FA7-ABDC-2D5A12746DC5}.Debug|Any CPU.ActiveCfg = Debug|Any CPU
		{CC029A6F-0876-4FA7-ABDC-2D5A12746DC5}.Debug|Any CPU.Build.0 = Debug|Any CPU
		{CC029A6F-0876-4FA7-ABDC-2D5A12746DC5}.Release|Any CPU.ActiveCfg = Release|Any CPU
		{CC029A6F-0876-4FA7-ABDC-2D5A12746DC5}.Release|Any CPU.Build.0 = Release|Any CPU
	EndGlobalSection
	GlobalSection(SolutionProperties) = preSolution
		HideSolutionNode = FALSE
	EndGlobalSection
	GlobalSection(ExtensibilityGlobals) = postSolution
		SolutionGuid = {2FE77793-5DC7-47BC-8EBB-AD86CA74ACE7}
	EndGlobalSection
EndGlobal
